<?xml version="1.0" encoding="utf-8"?>
<Project ToolsVersion="4.0" xmlns="http://schemas.microsoft.com/developer/msbuild/2003">
  <ItemGroup>
    <Filter Include="Source Files">
      <UniqueIdentifier>{4FC737F1-C7A5-4376-A066-2A32D752A2FF}</UniqueIdentifier>
      <Extensions>cpp;c;cc;cxx;c++;cppm;ixx;def;odl;idl;hpj;bat;asm;asmx</Extensions>
    </Filter>
    <Filter Include="Header Files">
      <UniqueIdentifier>{93995380-89BD-4b04-88EB-625FBE52EBFB}</UniqueIdentifier>
      <Extensions>h;hh;hpp;hxx;h++;hm;inl;inc;ipp;xsd</Extensions>
    </Filter>
    <Filter Include="Resource Files">
      <UniqueIdentifier>{67DA6AB6-F800-4c08-8B7A-83BB121AAD01}</UniqueIdentifier>
      <Extensions>rc;ico;cur;bmp;dlg;rc2;rct;bin;rgs;gif;jpg;jpeg;jpe;resx;tiff;tif;png;wav;mfcribbon-ms</Extensions>
    </Filter>
    <Filter Include="Source Files\Runtime">
      <UniqueIdentifier>{74a61a74-f26a-4171-b5fa-9ac94ebb3ac9}</UniqueIdentifier>
    </Filter>
    <Filter Include="Source Files\Runtime\amd64">
      <UniqueIdentifier>{12cf4f90-51ad-4cbe-9854-b00add11b3d4}</UniqueIdentifier>
    </Filter>
    <Filter Include="Header Files\Runtime">
      <UniqueIdentifier>{2c12845f-b7fc-4b48-b0c3-52676c71e207}</UniqueIdentifier>
    </Filter>
    <Filter Include="Header Files\Runtime\amd64">
      <UniqueIdentifier>{5ca79588-75f2-469c-90fc-4f11aea0c5eb}</UniqueIdentifier>
    </Filter>
    <Filter Include="Header Files\Runtime\inc">
      <UniqueIdentifier>{c94445e2-e7fc-4a3c-ae25-94d718a7121b}</UniqueIdentifier>
    </Filter>
    <Filter Include="Header Files\Runtime\uefi">
      <UniqueIdentifier>{834f9e68-613f-40cd-bfc6-9379f4998b21}</UniqueIdentifier>
    </Filter>
    <Filter Include="Header Files\Runtime\unix">
      <UniqueIdentifier>{888a04a3-b9af-40b2-8000-849768b048be}</UniqueIdentifier>
    </Filter>
  </ItemGroup>
  <ItemGroup>
    <MASM Include="Runtime\amd64\StubDispatch.asm">
      <Filter>Source Files\Runtime\amd64</Filter>
    </MASM>
    <MASM Include="Runtime\amd64\UniversalTransition.asm">
      <Filter>Source Files\Runtime\amd64</Filter>
    </MASM>
  </ItemGroup>
  <ItemGroup>
    <None Include="Runtime\amd64\AsmMacros.inc">
      <Filter>Header Files\Runtime\amd64</Filter>
    </None>
  </ItemGroup>
  <ItemGroup>
    <ClCompile Include="Runtime\CachedInterfaceDispatch.cpp">
      <Filter>Source Files\Runtime</Filter>
    </ClCompile>
  </ItemGroup>
  <ItemGroup>
    <ClInclude Include="Runtime\CommonMacros.h">
      <Filter>Header Files\Runtime</Filter>
    </ClInclude>
    <ClInclude Include="Runtime\inc\daccess.h">
      <Filter>Header Files\Runtime\inc</Filter>
    </ClInclude>
    <ClInclude Include="Runtime\inc\rhbinder.h">
      <Filter>Header Files\Runtime\inc</Filter>
    </ClInclude>
    <ClInclude Include="Runtime\inc\TargetPtrs.h">
      <Filter>Header Files\Runtime\inc</Filter>
    </ClInclude>
    <ClInclude Include="Runtime\CachedInterfaceDispatch.h">
      <Filter>Header Files\Runtime</Filter>
    </ClInclude>
    <ClInclude Include="Runtime\unix\no_sal2.h">
      <Filter>Header Files\Runtime\unix</Filter>
    </ClInclude>
    <ClInclude Include="Runtime\uefi\PalRedhawkInline.h">
      <Filter>Header Files\Runtime\uefi</Filter>
    </ClInclude>
    <ClInclude Include="Runtime\rhassert.h">
      <Filter>Header Files\Runtime</Filter>
    </ClInclude>
    <ClInclude Include="Runtime\inc\type_traits.hpp">
      <Filter>Header Files\Runtime\inc</Filter>
    </ClInclude>
  </ItemGroup>
</Project>