Microsoft Visual Studio Solution File, Format Version 12.00
# Visual Studio Version 17
VisualStudioVersion = 17.0.31903.59
MinimumVisualStudioVersion = 10.0.40219.1
Project("{8BC9CEB8-8B4A-11D0-8D11-00A0C91BC942}") = "EfiSharp.libc", "EfiSharp.libc\EfiSharp.libc.vcxproj", "{DC57C7A5-E3DC-4F06-9840-890D793ED81C}"
EndProject
Project("{9A19103F-16F7-4668-BE54-9A1E7A4F7556}") = "EfiSharp.CoreLib", "EfiSharp.CoreLib\EfiSharp.CoreLib.csproj", "{8008E9A9-36F0-4637-8D77-F40918C764E0}"
EndProject
Project("{9A19103F-16F7-4668-BE54-9A1E7A4F7556}") = "EfiSharp", "EfiSharp\EfiSharp.csproj", "{7E6A32F3-873B-42E2-8CC0-CF0288046ECD}"
EndProject
Project("{9A19103F-16F7-4668-BE54-9A1E7A4F7556}") = "EfiSharp.Console", "EfiSharp.Console\EfiSharp.Console.csproj", "{7A163603-7275-4C52-AF31-86CC13383316}"
EndProject
Project("{2150E333-8FDC-42A3-9474-1A3956D46DE8}") = "Tests", "Tests", "{3A246019-FF0D-4CFF-A093-6ABD9F43D6C7}"
EndProject
Project("{2150E333-8FDC-42A3-9474-1A3956D46DE8}") = "nativeaot", "nativeaot", "{2FC08EBD-3220-4533-9995-69345911F5BE}"
EndProject
Project("{2150E333-8FDC-42A3-9474-1A3956D46DE8}") = "SmokeTests", "SmokeTests", "{91F2284E-DBF5-47DC-80DC-2D9793E8E6F6}"
EndProject
Project("{9A19103F-16F7-4668-BE54-9A1E7A4F7556}") = "Generics", "tests\nativeaot\SmokeTests\Generics\Generics.csproj", "{84F69BEB-8C06-44C8-937E-2A37FC72F865}"
EndProject
Project("{9A19103F-16F7-4668-BE54-9A1E7A4F7556}") = "Interfaces", "tests\nativeaot\SmokeTests\Interfaces\Interfaces.csproj", "{18FF5807-FE6B-4557-98CD-146D7CBB9EAD}"
EndProject
Project("{9A19103F-16F7-4668-BE54-9A1E7A4F7556}") = "Preinitialization", "tests\nativeaot\SmokeTests\Preinitialization\Preinitialization.csproj", "{55FC8D4F-1A6F-42E4-A8DD-1419810C6A22}"
EndProject
Project("{9A19103F-16F7-4668-BE54-9A1E7A4F7556}") = "DynamicGenerics", "tests\nativeaot\SmokeTests\DynamicGenerics\DynamicGenerics.csproj", "{50DFE541-DE9C-4A1A-B7D9-8EFC8647F7A9}"
EndProject
Project("{2150E333-8FDC-42A3-9474-1A3956D46DE8}") = "Samples", "Samples", "{A9860D79-0A1E-428B-8684-C39C8590753E}"
EndProject
Project("{2150E333-8FDC-42A3-9474-1A3956D46DE8}") = "core", "core", "{D389B7BB-2F29-4E72-B1D2-FB52788A3509}"
EndProject
Project("{2150E333-8FDC-42A3-9474-1A3956D46DE8}") = "console-apps", "console-apps", "{14FE8165-AC75-4499-85F1-B6BAC2F4E82D}"
EndProject
Project("{9A19103F-16F7-4668-BE54-9A1E7A4F7556}") = "fibonacci-msbuild", "samples\core\console-apps\fibonacci-msbuild\fibonacci-msbuild.csproj", "{DFB8EC82-323E-44AC-9FD3-F5BF14A7E8AF}"
EndProject
Project("{2150E333-8FDC-42A3-9474-1A3956D46DE8}") = "csharp", "csharp", "{512740AD-1BA0-4BD1-B582-540704D3D865}"
EndProject
Project("{9A19103F-16F7-4668-BE54-9A1E7A4F7556}") = "BranchesAndLoops", "samples\csharp\branches-quickstart\BranchesAndLoops.csproj", "{E031F721-BCC9-4A00-B634-CBC736A4F42E}"
EndProject
Project("{D954291E-2A0B-460D-934E-DC6B0785DB48}") = "System.Private.CoreLib.NativeAOT.Shared", "System.Private.CoreLib.NativeAOT.Shared\System.Private.CoreLib.NativeAOT.Shared.shproj", "{A2C5F411-305D-4872-99D0-8F51403881AA}"
EndProject
Project("{D954291E-2A0B-460D-934E-DC6B0785DB48}") = "System.Private.CoreLib.Shared", "System.Private.CoreLib.Shared\System.Private.CoreLib.Shared.shproj", "{294213C5-A176-402C-A695-4A53E901E12A}"
EndProject
Global
	GlobalSection(SharedMSBuildProjectFiles) = preSolution
		System.Private.CoreLib.Shared\System.Private.CoreLib.Shared.projitems*{294213c5-a176-402c-a695-4a53e901e12a}*SharedItemsImports = 13
		System.Private.CoreLib.NativeAOT.Shared\System.Private.CoreLib.NativeAOT.Shared.projitems*{8008e9a9-36f0-4637-8d77-f40918c764e0}*SharedItemsImports = 5
		System.Private.CoreLib.Shared\System.Private.CoreLib.Shared.projitems*{8008e9a9-36f0-4637-8d77-f40918c764e0}*SharedItemsImports = 5
		System.Private.CoreLib.NativeAOT.Shared\System.Private.CoreLib.NativeAOT.Shared.projitems*{a2c5f411-305d-4872-99d0-8f51403881aa}*SharedItemsImports = 13
	EndGlobalSection
	GlobalSection(SolutionConfigurationPlatforms) = preSolution
		Release|x64 = Release|x64
	EndGlobalSection
	GlobalSection(ProjectConfigurationPlatforms) = postSolution
		{DC57C7A5-E3DC-4F06-9840-890D793ED81C}.Release|x64.ActiveCfg = Release|x64
		{DC57C7A5-E3DC-4F06-9840-890D793ED81C}.Release|x64.Build.0 = Release|x64
		{8008E9A9-36F0-4637-8D77-F40918C764E0}.Release|x64.ActiveCfg = Release|x64
		{8008E9A9-36F0-4637-8D77-F40918C764E0}.Release|x64.Build.0 = Release|x64
		{7E6A32F3-873B-42E2-8CC0-CF0288046ECD}.Release|x64.ActiveCfg = Release|x64
		{7E6A32F3-873B-42E2-8CC0-CF0288046ECD}.Release|x64.Build.0 = Release|x64
		{7A163603-7275-4C52-AF31-86CC13383316}.Release|x64.ActiveCfg = Release|x64
		{7A163603-7275-4C52-AF31-86CC13383316}.Release|x64.Build.0 = Release|x64
		{84F69BEB-8C06-44C8-937E-2A37FC72F865}.Release|x64.ActiveCfg = Release|x64
		{84F69BEB-8C06-44C8-937E-2A37FC72F865}.Release|x64.Build.0 = Release|x64
		{18FF5807-FE6B-4557-98CD-146D7CBB9EAD}.Release|x64.ActiveCfg = Release|x64
		{18FF5807-FE6B-4557-98CD-146D7CBB9EAD}.Release|x64.Build.0 = Release|x64
		{55FC8D4F-1A6F-42E4-A8DD-1419810C6A22}.Release|x64.ActiveCfg = Release|x64
		{55FC8D4F-1A6F-42E4-A8DD-1419810C6A22}.Release|x64.Build.0 = Release|x64
		{50DFE541-DE9C-4A1A-B7D9-8EFC8647F7A9}.Release|x64.ActiveCfg = Release|x64
		{50DFE541-DE9C-4A1A-B7D9-8EFC8647F7A9}.Release|x64.Build.0 = Release|x64
		{DFB8EC82-323E-44AC-9FD3-F5BF14A7E8AF}.Release|x64.ActiveCfg = Release|x64
		{DFB8EC82-323E-44AC-9FD3-F5BF14A7E8AF}.Release|x64.Build.0 = Release|x64
		{E031F721-BCC9-4A00-B634-CBC736A4F42E}.Release|x64.ActiveCfg = Release|x64
		{E031F721-BCC9-4A00-B634-CBC736A4F42E}.Release|x64.Build.0 = Release|x64
	EndGlobalSection
	GlobalSection(SolutionProperties) = preSolution
		HideSolutionNode = FALSE
	EndGlobalSection
	GlobalSection(NestedProjects) = preSolution
		{2FC08EBD-3220-4533-9995-69345911F5BE} = {3A246019-FF0D-4CFF-A093-6ABD9F43D6C7}
		{91F2284E-DBF5-47DC-80DC-2D9793E8E6F6} = {2FC08EBD-3220-4533-9995-69345911F5BE}
		{84F69BEB-8C06-44C8-937E-2A37FC72F865} = {91F2284E-DBF5-47DC-80DC-2D9793E8E6F6}
		{18FF5807-FE6B-4557-98CD-146D7CBB9EAD} = {91F2284E-DBF5-47DC-80DC-2D9793E8E6F6}
		{55FC8D4F-1A6F-42E4-A8DD-1419810C6A22} = {91F2284E-DBF5-47DC-80DC-2D9793E8E6F6}
		{50DFE541-DE9C-4A1A-B7D9-8EFC8647F7A9} = {91F2284E-DBF5-47DC-80DC-2D9793E8E6F6}
		{D389B7BB-2F29-4E72-B1D2-FB52788A3509} = {A9860D79-0A1E-428B-8684-C39C8590753E}
		{14FE8165-AC75-4499-85F1-B6BAC2F4E82D} = {D389B7BB-2F29-4E72-B1D2-FB52788A3509}
		{DFB8EC82-323E-44AC-9FD3-F5BF14A7E8AF} = {14FE8165-AC75-4499-85F1-B6BAC2F4E82D}
		{512740AD-1BA0-4BD1-B582-540704D3D865} = {A9860D79-0A1E-428B-8684-C39C8590753E}
		{E031F721-BCC9-4A00-B634-CBC736A4F42E} = {512740AD-1BA0-4BD1-B582-540704D3D865}
	EndGlobalSection
	GlobalSection(ExtensibilityGlobals) = postSolution
		SolutionGuid = {F141353E-2CD2-43A7-A865-B5DD36751F3E}
	EndGlobalSection
EndGlobal
