
Microsoft Visual Studio Solution File, Format Version 12.00
# Visual Studio Version 16
VisualStudioVersion = 16.0.30615.102
MinimumVisualStudioVersion = 10.0.40219.1
Project("{FAE04EC0-301F-11D3-BF4B-00C04F79EFBC}") = "efisharp.CoreLib", "efisharp.CoreLib\efisharp.CoreLib.csproj", "{CD5B37D9-C94C-46C4-BEFD-0D9FEF089BFD}"
EndProject
Global
	GlobalSection(SolutionConfigurationPlatforms) = preSolution
		Debug|Any CPU = Debug|Any CPU
		Release|Any CPU = Release|Any CPU
	EndGlobalSection
	GlobalSection(ProjectConfigurationPlatforms) = postSolution
		{CD5B37D9-C94C-46C4-BEFD-0D9FEF089BFD}.Debug|Any CPU.ActiveCfg = Debug|Any CPU
		{CD5B37D9-C94C-46C4-BEFD-0D9FEF089BFD}.Debug|Any CPU.Build.0 = Debug|Any CPU
		{CD5B37D9-C94C-46C4-BEFD-0D9FEF089BFD}.Release|Any CPU.ActiveCfg = Release|Any CPU
		{CD5B37D9-C94C-46C4-BEFD-0D9FEF089BFD}.Release|Any CPU.Build.0 = Release|Any CPU
	EndGlobalSection
	GlobalSection(SolutionProperties) = preSolution
		HideSolutionNode = FALSE
	EndGlobalSection
	GlobalSection(ExtensibilityGlobals) = postSolution
		SolutionGuid = {1A5C6C11-4B2C-45B9-9DDA-F8A590B6EA2D}
	EndGlobalSection
EndGlobal
